
Microsoft Visual Studio Solution File, Format Version 12.00
# Visual Studio 2012
Project("{FAE04EC0-301F-11D3-BF4B-00C04F79EFBC}") = "Connect4", "Connect4\Connect4.csproj", "{E8AD413A-1553-4244-9B78-684633D37888}"
EndProject
Project("{FAE04EC0-301F-11D3-BF4B-00C04F79EFBC}") = "Connect4.Tests", "Connect4.Tests\Connect4.Tests.csproj", "{84FAC710-C7EF-4652-BAAC-1182CB3EC29C}"
EndProject
Global
	GlobalSection(SolutionConfigurationPlatforms) = preSolution
		Debug|Any CPU = Debug|Any CPU
		Release|Any CPU = Release|Any CPU
	EndGlobalSection
	GlobalSection(ProjectConfigurationPlatforms) = postSolution
		{E8AD413A-1553-4244-9B78-684633D37888}.Debug|Any CPU.ActiveCfg = Debug|Any CPU
		{E8AD413A-1553-4244-9B78-684633D37888}.Debug|Any CPU.Build.0 = Debug|Any CPU
		{E8AD413A-1553-4244-9B78-684633D37888}.Release|Any CPU.ActiveCfg = Release|Any CPU
		{E8AD413A-1553-4244-9B78-684633D37888}.Release|Any CPU.Build.0 = Release|Any CPU
		{84FAC710-C7EF-4652-BAAC-1182CB3EC29C}.Debug|Any CPU.ActiveCfg = Debug|Any CPU
		{84FAC710-C7EF-4652-BAAC-1182CB3EC29C}.Debug|Any CPU.Build.0 = Debug|Any CPU
		{84FAC710-C7EF-4652-BAAC-1182CB3EC29C}.Release|Any CPU.ActiveCfg = Release|Any CPU
		{84FAC710-C7EF-4652-BAAC-1182CB3EC29C}.Release|Any CPU.Build.0 = Release|Any CPU
	EndGlobalSection
EndGlobal
